
Microsoft Visual Studio Solution File, Format Version 12.00
# Visual Studio Version 17
VisualStudioVersion = 17.3.32922.545
MinimumVisualStudioVersion = 10.0.40219.1
Project("{FAE04EC0-301F-11D3-BF4B-00C04F79EFBC}") = "AddressLine", "AddressLine.csproj", "{8D764E1B-E01A-4336-8A68-B9DF57305EF6}"
EndProject
Project("{FAE04EC0-301F-11D3-BF4B-00C04F79EFBC}") = "BusinessLayer", "..\BusinessLayer\BusinessLayer.csproj", "{22D4F427-2E90-444C-9541-D83005B07B61}"
EndProject
Project("{FAE04EC0-301F-11D3-BF4B-00C04F79EFBC}") = "CommonLayer", "..\CommonLayer\CommonLayer.csproj", "{C0021E2D-D7D8-46C0-929D-B5318ED2A721}"
EndProject
Project("{FAE04EC0-301F-11D3-BF4B-00C04F79EFBC}") = "RepositoryLayer", "..\RepositoryLayer\RepositoryLayer.csproj", "{1D7D00D0-763C-44E6-97BE-014894DC4DF7}"
EndProject
Global
	GlobalSection(SolutionConfigurationPlatforms) = preSolution
		Debug|Any CPU = Debug|Any CPU
		Release|Any CPU = Release|Any CPU
	EndGlobalSection
	GlobalSection(ProjectConfigurationPlatforms) = postSolution
		{8D764E1B-E01A-4336-8A68-B9DF57305EF6}.Debug|Any CPU.ActiveCfg = Debug|Any CPU
		{8D764E1B-E01A-4336-8A68-B9DF57305EF6}.Debug|Any CPU.Build.0 = Debug|Any CPU
		{8D764E1B-E01A-4336-8A68-B9DF57305EF6}.Release|Any CPU.ActiveCfg = Release|Any CPU
		{8D764E1B-E01A-4336-8A68-B9DF57305EF6}.Release|Any CPU.Build.0 = Release|Any CPU
		{22D4F427-2E90-444C-9541-D83005B07B61}.Debug|Any CPU.ActiveCfg = Debug|Any CPU
		{22D4F427-2E90-444C-9541-D83005B07B61}.Debug|Any CPU.Build.0 = Debug|Any CPU
		{22D4F427-2E90-444C-9541-D83005B07B61}.Release|Any CPU.ActiveCfg = Release|Any CPU
		{22D4F427-2E90-444C-9541-D83005B07B61}.Release|Any CPU.Build.0 = Release|Any CPU
		{C0021E2D-D7D8-46C0-929D-B5318ED2A721}.Debug|Any CPU.ActiveCfg = Debug|Any CPU
		{C0021E2D-D7D8-46C0-929D-B5318ED2A721}.Debug|Any CPU.Build.0 = Debug|Any CPU
		{C0021E2D-D7D8-46C0-929D-B5318ED2A721}.Release|Any CPU.ActiveCfg = Release|Any CPU
		{C0021E2D-D7D8-46C0-929D-B5318ED2A721}.Release|Any CPU.Build.0 = Release|Any CPU
		{1D7D00D0-763C-44E6-97BE-014894DC4DF7}.Debug|Any CPU.ActiveCfg = Debug|Any CPU
		{1D7D00D0-763C-44E6-97BE-014894DC4DF7}.Debug|Any CPU.Build.0 = Debug|Any CPU
		{1D7D00D0-763C-44E6-97BE-014894DC4DF7}.Release|Any CPU.ActiveCfg = Release|Any CPU
		{1D7D00D0-763C-44E6-97BE-014894DC4DF7}.Release|Any CPU.Build.0 = Release|Any CPU
	EndGlobalSection
	GlobalSection(SolutionProperties) = preSolution
		HideSolutionNode = FALSE
	EndGlobalSection
	GlobalSection(ExtensibilityGlobals) = postSolution
		SolutionGuid = {3C2F81E3-D37E-48FF-98FF-D5A89FC22D34}
	EndGlobalSection
EndGlobal
